// !$*UTF8*$!
{
	archiveVersion = 1;
	classes = {
	};
	objectVersion = 56;
	objects = {

/* Begin PBXBuildFile section */
		9BBB729E2C62581800356FDA /* AppDelegate.swift in Sources */ = {isa = PBXBuildFile; fileRef = 9BBB729D2C62581800356FDA /* AppDelegate.swift */; };
		9BBB72A02C62581800356FDA /* SceneDelegate.swift in Sources */ = {isa = PBXBuildFile; fileRef = 9BBB729F2C62581800356FDA /* SceneDelegate.swift */; };
		9BBB72A52C62581800356FDA /* Main.storyboard in Resources */ = {isa = PBXBuildFile; fileRef = 9BBB72A32C62581800356FDA /* Main.storyboard */; };
		9BBB72A72C62581A00356FDA /* Assets.xcassets in Resources */ = {isa = PBXBuildFile; fileRef = 9BBB72A62C62581A00356FDA /* Assets.xcassets */; };
		9BBB72AA2C62581A00356FDA /* LaunchScreen.storyboard in Resources */ = {isa = PBXBuildFile; fileRef = 9BBB72A82C62581A00356FDA /* LaunchScreen.storyboard */; };
		9BBB72B52C62581A00356FDA /* UniversityTaskTests.swift in Sources */ = {isa = PBXBuildFile; fileRef = 9BBB72B42C62581A00356FDA /* UniversityTaskTests.swift */; };
		9BBB72BF2C62581A00356FDA /* UniversityTaskUITests.swift in Sources */ = {isa = PBXBuildFile; fileRef = 9BBB72BE2C62581A00356FDA /* UniversityTaskUITests.swift */; };
		9BBB72C12C62581A00356FDA /* UniversityTaskUITestsLaunchTests.swift in Sources */ = {isa = PBXBuildFile; fileRef = 9BBB72C02C62581A00356FDA /* UniversityTaskUITestsLaunchTests.swift */; };
		9BBB72D72C6259B000356FDA /* UniversityListProtocol.swift in Sources */ = {isa = PBXBuildFile; fileRef = 9BBB72D62C6259B000356FDA /* UniversityListProtocol.swift */; };
		9BBB72DA2C625AA200356FDA /* University.swift in Sources */ = {isa = PBXBuildFile; fileRef = 9BBB72D92C625AA200356FDA /* University.swift */; };
		9BBB72DD2C6265B400356FDA /* UniversityListViewController.swift in Sources */ = {isa = PBXBuildFile; fileRef = 9BBB72DC2C6265B400356FDA /* UniversityListViewController.swift */; };
		9BBB72E02C62677600356FDA /* UniversityListCell.swift in Sources */ = {isa = PBXBuildFile; fileRef = 9BBB72DE2C62677600356FDA /* UniversityListCell.swift */; };
		9BBB72E12C62677600356FDA /* UniversityListCell.xib in Resources */ = {isa = PBXBuildFile; fileRef = 9BBB72DF2C62677600356FDA /* UniversityListCell.xib */; };
		9BBB72E32C62724800356FDA /* UniversityListPresenter.swift in Sources */ = {isa = PBXBuildFile; fileRef = 9BBB72E22C62724800356FDA /* UniversityListPresenter.swift */; };
		9BBB72E62C62732700356FDA /* Constants.swift in Sources */ = {isa = PBXBuildFile; fileRef = 9BBB72E52C62732700356FDA /* Constants.swift */; };
		9BBB72E82C627AA700356FDA /* UniversityListInteractor.swift in Sources */ = {isa = PBXBuildFile; fileRef = 9BBB72E72C627AA700356FDA /* UniversityListInteractor.swift */; };
		9BBB72EB2C627D4900356FDA /* UniversityListRepository.swift in Sources */ = {isa = PBXBuildFile; fileRef = 9BBB72EA2C627D4900356FDA /* UniversityListRepository.swift */; };
		9BBB72ED2C627E1500356FDA /* UniversityListRouter.swift in Sources */ = {isa = PBXBuildFile; fileRef = 9BBB72EC2C627E1500356FDA /* UniversityListRouter.swift */; };
		9BBB72F52C63342700356FDA /* ActivityIndicatorPresenter.swift in Sources */ = {isa = PBXBuildFile; fileRef = 9BBB72F42C63342700356FDA /* ActivityIndicatorPresenter.swift */; };
		9BBB72FF2C63395000356FDA /* UniversityDetailViewController.swift in Sources */ = {isa = PBXBuildFile; fileRef = 9BBB72FE2C63395000356FDA /* UniversityDetailViewController.swift */; };
		9BBB73012C633A3400356FDA /* UniversityDetailProtocol.swift in Sources */ = {isa = PBXBuildFile; fileRef = 9BBB73002C633A3400356FDA /* UniversityDetailProtocol.swift */; };
		9BBB73032C633D3B00356FDA /* UniversityDetailRouter.swift in Sources */ = {isa = PBXBuildFile; fileRef = 9BBB73022C633D3B00356FDA /* UniversityDetailRouter.swift */; };
		9BBB73052C633E7300356FDA /* UniversityDetailPresenter.swift in Sources */ = {isa = PBXBuildFile; fileRef = 9BBB73042C633E7300356FDA /* UniversityDetailPresenter.swift */; };
		9BBB73072C63475600356FDA /* UniversityDetailInteractor.swift in Sources */ = {isa = PBXBuildFile; fileRef = 9BBB73062C63475600356FDA /* UniversityDetailInteractor.swift */; };
		9BBB73092C635B7B00356FDA /* Alertable.swift in Sources */ = {isa = PBXBuildFile; fileRef = 9BBB73082C635B7B00356FDA /* Alertable.swift */; };
		9BBB730B2C636EC400356FDA /* APIClient.swift in Sources */ = {isa = PBXBuildFile; fileRef = 9BBB730A2C636EC400356FDA /* APIClient.swift */; };
		9BBB73152C63745600356FDA /* Repository.swift in Sources */ = {isa = PBXBuildFile; fileRef = 9BBB73142C63745600356FDA /* Repository.swift */; };
		9BBB731D2C63829900356FDA /* RealmManager.swift in Sources */ = {isa = PBXBuildFile; fileRef = 9BBB731C2C63829900356FDA /* RealmManager.swift */; };
		9BFBA4942C63D7880051FDFB /* Reachability.swift in Sources */ = {isa = PBXBuildFile; fileRef = 9BFBA4932C63D7880051FDFB /* Reachability.swift */; };
		B17A53C7A817257091AC9989 /* Pods_UniversityTask_UniversityTaskUITests.framework in Frameworks */ = {isa = PBXBuildFile; fileRef = C7C207C90B5A22DBE579C3D9 /* Pods_UniversityTask_UniversityTaskUITests.framework */; };
		B9973E2BBBB608FEE5EE6890 /* Pods_UniversityTask.framework in Frameworks */ = {isa = PBXBuildFile; fileRef = 5E4567FC4BB5B0197687ED16 /* Pods_UniversityTask.framework */; };
		C9D40F548FE96E9BD1165644 /* Pods_UniversityTaskTests.framework in Frameworks */ = {isa = PBXBuildFile; fileRef = ABFB6ACEDA47BFD5FF36FB42 /* Pods_UniversityTaskTests.framework */; };
/* End PBXBuildFile section */

/* Begin PBXContainerItemProxy section */
		9BBB72B12C62581A00356FDA /* PBXContainerItemProxy */ = {
			isa = PBXContainerItemProxy;
			containerPortal = 9BBB72922C62581800356FDA /* Project object */;
			proxyType = 1;
			remoteGlobalIDString = 9BBB72992C62581800356FDA;
			remoteInfo = UniversityTask;
		};
		9BBB72BB2C62581A00356FDA /* PBXContainerItemProxy */ = {
			isa = PBXContainerItemProxy;
			containerPortal = 9BBB72922C62581800356FDA /* Project object */;
			proxyType = 1;
			remoteGlobalIDString = 9BBB72992C62581800356FDA;
			remoteInfo = UniversityTask;
		};
/* End PBXContainerItemProxy section */

/* Begin PBXFileReference section */
		59ED6632032C3AE4A7D768EA /* Pods-UniversityTask-UniversityTaskUITests.release.xcconfig */ = {isa = PBXFileReference; includeInIndex = 1; lastKnownFileType = text.xcconfig; name = "Pods-UniversityTask-UniversityTaskUITests.release.xcconfig"; path = "Target Support Files/Pods-UniversityTask-UniversityTaskUITests/Pods-UniversityTask-UniversityTaskUITests.release.xcconfig"; sourceTree = "<group>"; };
		5E4567FC4BB5B0197687ED16 /* Pods_UniversityTask.framework */ = {isa = PBXFileReference; explicitFileType = wrapper.framework; includeInIndex = 0; path = Pods_UniversityTask.framework; sourceTree = BUILT_PRODUCTS_DIR; };
		6CBA2A5C859B3AB92CF3DC92 /* Pods-UniversityTask-UniversityTaskUITests.debug.xcconfig */ = {isa = PBXFileReference; includeInIndex = 1; lastKnownFileType = text.xcconfig; name = "Pods-UniversityTask-UniversityTaskUITests.debug.xcconfig"; path = "Target Support Files/Pods-UniversityTask-UniversityTaskUITests/Pods-UniversityTask-UniversityTaskUITests.debug.xcconfig"; sourceTree = "<group>"; };
		99445DAE3942864787CBAC57 /* Pods-UniversityTaskTests.release.xcconfig */ = {isa = PBXFileReference; includeInIndex = 1; lastKnownFileType = text.xcconfig; name = "Pods-UniversityTaskTests.release.xcconfig"; path = "Target Support Files/Pods-UniversityTaskTests/Pods-UniversityTaskTests.release.xcconfig"; sourceTree = "<group>"; };
		9BBB729A2C62581800356FDA /* UniversityTask.app */ = {isa = PBXFileReference; explicitFileType = wrapper.application; includeInIndex = 0; path = UniversityTask.app; sourceTree = BUILT_PRODUCTS_DIR; };
		9BBB729D2C62581800356FDA /* AppDelegate.swift */ = {isa = PBXFileReference; lastKnownFileType = sourcecode.swift; path = AppDelegate.swift; sourceTree = "<group>"; };
		9BBB729F2C62581800356FDA /* SceneDelegate.swift */ = {isa = PBXFileReference; lastKnownFileType = sourcecode.swift; path = SceneDelegate.swift; sourceTree = "<group>"; };
		9BBB72A42C62581800356FDA /* Base */ = {isa = PBXFileReference; lastKnownFileType = file.storyboard; name = Base; path = Base.lproj/Main.storyboard; sourceTree = "<group>"; };
		9BBB72A62C62581A00356FDA /* Assets.xcassets */ = {isa = PBXFileReference; lastKnownFileType = folder.assetcatalog; path = Assets.xcassets; sourceTree = "<group>"; };
		9BBB72A92C62581A00356FDA /* Base */ = {isa = PBXFileReference; lastKnownFileType = file.storyboard; name = Base; path = Base.lproj/LaunchScreen.storyboard; sourceTree = "<group>"; };
		9BBB72AB2C62581A00356FDA /* Info.plist */ = {isa = PBXFileReference; lastKnownFileType = text.plist.xml; path = Info.plist; sourceTree = "<group>"; };
		9BBB72B02C62581A00356FDA /* UniversityTaskTests.xctest */ = {isa = PBXFileReference; explicitFileType = wrapper.cfbundle; includeInIndex = 0; path = UniversityTaskTests.xctest; sourceTree = BUILT_PRODUCTS_DIR; };
		9BBB72B42C62581A00356FDA /* UniversityTaskTests.swift */ = {isa = PBXFileReference; lastKnownFileType = sourcecode.swift; path = UniversityTaskTests.swift; sourceTree = "<group>"; };
		9BBB72BA2C62581A00356FDA /* UniversityTaskUITests.xctest */ = {isa = PBXFileReference; explicitFileType = wrapper.cfbundle; includeInIndex = 0; path = UniversityTaskUITests.xctest; sourceTree = BUILT_PRODUCTS_DIR; };
		9BBB72BE2C62581A00356FDA /* UniversityTaskUITests.swift */ = {isa = PBXFileReference; lastKnownFileType = sourcecode.swift; path = UniversityTaskUITests.swift; sourceTree = "<group>"; };
		9BBB72C02C62581A00356FDA /* UniversityTaskUITestsLaunchTests.swift */ = {isa = PBXFileReference; lastKnownFileType = sourcecode.swift; path = UniversityTaskUITestsLaunchTests.swift; sourceTree = "<group>"; };
		9BBB72D62C6259B000356FDA /* UniversityListProtocol.swift */ = {isa = PBXFileReference; lastKnownFileType = sourcecode.swift; path = UniversityListProtocol.swift; sourceTree = "<group>"; };
		9BBB72D92C625AA200356FDA /* University.swift */ = {isa = PBXFileReference; lastKnownFileType = sourcecode.swift; path = University.swift; sourceTree = "<group>"; };
		9BBB72DC2C6265B400356FDA /* UniversityListViewController.swift */ = {isa = PBXFileReference; lastKnownFileType = sourcecode.swift; path = UniversityListViewController.swift; sourceTree = "<group>"; };
		9BBB72DE2C62677600356FDA /* UniversityListCell.swift */ = {isa = PBXFileReference; lastKnownFileType = sourcecode.swift; path = UniversityListCell.swift; sourceTree = "<group>"; };
		9BBB72DF2C62677600356FDA /* UniversityListCell.xib */ = {isa = PBXFileReference; lastKnownFileType = file.xib; path = UniversityListCell.xib; sourceTree = "<group>"; };
		9BBB72E22C62724800356FDA /* UniversityListPresenter.swift */ = {isa = PBXFileReference; lastKnownFileType = sourcecode.swift; path = UniversityListPresenter.swift; sourceTree = "<group>"; };
		9BBB72E52C62732700356FDA /* Constants.swift */ = {isa = PBXFileReference; lastKnownFileType = sourcecode.swift; path = Constants.swift; sourceTree = "<group>"; };
		9BBB72E72C627AA700356FDA /* UniversityListInteractor.swift */ = {isa = PBXFileReference; lastKnownFileType = sourcecode.swift; path = UniversityListInteractor.swift; sourceTree = "<group>"; };
		9BBB72EA2C627D4900356FDA /* UniversityListRepository.swift */ = {isa = PBXFileReference; lastKnownFileType = sourcecode.swift; path = UniversityListRepository.swift; sourceTree = "<group>"; };
		9BBB72EC2C627E1500356FDA /* UniversityListRouter.swift */ = {isa = PBXFileReference; lastKnownFileType = sourcecode.swift; path = UniversityListRouter.swift; sourceTree = "<group>"; };
		9BBB72F42C63342700356FDA /* ActivityIndicatorPresenter.swift */ = {isa = PBXFileReference; lastKnownFileType = sourcecode.swift; path = ActivityIndicatorPresenter.swift; sourceTree = "<group>"; };
		9BBB72FE2C63395000356FDA /* UniversityDetailViewController.swift */ = {isa = PBXFileReference; lastKnownFileType = sourcecode.swift; path = UniversityDetailViewController.swift; sourceTree = "<group>"; };
		9BBB73002C633A3400356FDA /* UniversityDetailProtocol.swift */ = {isa = PBXFileReference; lastKnownFileType = sourcecode.swift; path = UniversityDetailProtocol.swift; sourceTree = "<group>"; };
		9BBB73022C633D3B00356FDA /* UniversityDetailRouter.swift */ = {isa = PBXFileReference; lastKnownFileType = sourcecode.swift; path = UniversityDetailRouter.swift; sourceTree = "<group>"; };
		9BBB73042C633E7300356FDA /* UniversityDetailPresenter.swift */ = {isa = PBXFileReference; lastKnownFileType = sourcecode.swift; path = UniversityDetailPresenter.swift; sourceTree = "<group>"; };
		9BBB73062C63475600356FDA /* UniversityDetailInteractor.swift */ = {isa = PBXFileReference; lastKnownFileType = sourcecode.swift; path = UniversityDetailInteractor.swift; sourceTree = "<group>"; };
		9BBB73082C635B7B00356FDA /* Alertable.swift */ = {isa = PBXFileReference; lastKnownFileType = sourcecode.swift; path = Alertable.swift; sourceTree = "<group>"; };
		9BBB730A2C636EC400356FDA /* APIClient.swift */ = {isa = PBXFileReference; lastKnownFileType = sourcecode.swift; path = APIClient.swift; sourceTree = "<group>"; };
		9BBB73142C63745600356FDA /* Repository.swift */ = {isa = PBXFileReference; lastKnownFileType = sourcecode.swift; path = Repository.swift; sourceTree = "<group>"; };
		9BBB731C2C63829900356FDA /* RealmManager.swift */ = {isa = PBXFileReference; lastKnownFileType = sourcecode.swift; path = RealmManager.swift; sourceTree = "<group>"; };
		9BFBA4932C63D7880051FDFB /* Reachability.swift */ = {isa = PBXFileReference; lastKnownFileType = sourcecode.swift; path = Reachability.swift; sourceTree = "<group>"; };
		ABFB6ACEDA47BFD5FF36FB42 /* Pods_UniversityTaskTests.framework */ = {isa = PBXFileReference; explicitFileType = wrapper.framework; includeInIndex = 0; path = Pods_UniversityTaskTests.framework; sourceTree = BUILT_PRODUCTS_DIR; };
		BDADB6F49A0381D0CA385C8A /* Pods-UniversityTask.debug.xcconfig */ = {isa = PBXFileReference; includeInIndex = 1; lastKnownFileType = text.xcconfig; name = "Pods-UniversityTask.debug.xcconfig"; path = "Target Support Files/Pods-UniversityTask/Pods-UniversityTask.debug.xcconfig"; sourceTree = "<group>"; };
		C52151A71CA12C35907017F0 /* Pods-UniversityTaskTests.debug.xcconfig */ = {isa = PBXFileReference; includeInIndex = 1; lastKnownFileType = text.xcconfig; name = "Pods-UniversityTaskTests.debug.xcconfig"; path = "Target Support Files/Pods-UniversityTaskTests/Pods-UniversityTaskTests.debug.xcconfig"; sourceTree = "<group>"; };
		C7C207C90B5A22DBE579C3D9 /* Pods_UniversityTask_UniversityTaskUITests.framework */ = {isa = PBXFileReference; explicitFileType = wrapper.framework; includeInIndex = 0; path = Pods_UniversityTask_UniversityTaskUITests.framework; sourceTree = BUILT_PRODUCTS_DIR; };
		E59F9E9EF7C31BA3201ED022 /* Pods-UniversityTask.release.xcconfig */ = {isa = PBXFileReference; includeInIndex = 1; lastKnownFileType = text.xcconfig; name = "Pods-UniversityTask.release.xcconfig"; path = "Target Support Files/Pods-UniversityTask/Pods-UniversityTask.release.xcconfig"; sourceTree = "<group>"; };
/* End PBXFileReference section */

/* Begin PBXFrameworksBuildPhase section */
		9BBB72972C62581800356FDA /* Frameworks */ = {
			isa = PBXFrameworksBuildPhase;
			buildActionMask = 2147483647;
			files = (
				B9973E2BBBB608FEE5EE6890 /* Pods_UniversityTask.framework in Frameworks */,
			);
			runOnlyForDeploymentPostprocessing = 0;
		};
		9BBB72AD2C62581A00356FDA /* Frameworks */ = {
			isa = PBXFrameworksBuildPhase;
			buildActionMask = 2147483647;
			files = (
				C9D40F548FE96E9BD1165644 /* Pods_UniversityTaskTests.framework in Frameworks */,
			);
			runOnlyForDeploymentPostprocessing = 0;
		};
		9BBB72B72C62581A00356FDA /* Frameworks */ = {
			isa = PBXFrameworksBuildPhase;
			buildActionMask = 2147483647;
			files = (
				B17A53C7A817257091AC9989 /* Pods_UniversityTask_UniversityTaskUITests.framework in Frameworks */,
			);
			runOnlyForDeploymentPostprocessing = 0;
		};
/* End PBXFrameworksBuildPhase section */

/* Begin PBXGroup section */
		77AC749BA4DA84A3B1C318E5 /* Frameworks */ = {
			isa = PBXGroup;
			children = (
				5E4567FC4BB5B0197687ED16 /* Pods_UniversityTask.framework */,
				C7C207C90B5A22DBE579C3D9 /* Pods_UniversityTask_UniversityTaskUITests.framework */,
				ABFB6ACEDA47BFD5FF36FB42 /* Pods_UniversityTaskTests.framework */,
			);
			name = Frameworks;
			sourceTree = "<group>";
		};
		9BBB72912C62581800356FDA = {
			isa = PBXGroup;
			children = (
				9BBB729C2C62581800356FDA /* UniversityTask */,
				9BBB72B32C62581A00356FDA /* UniversityTaskTests */,
				9BBB72BD2C62581A00356FDA /* UniversityTaskUITests */,
				9BBB729B2C62581800356FDA /* Products */,
				9F344A78FB768E698FBE0396 /* Pods */,
				77AC749BA4DA84A3B1C318E5 /* Frameworks */,
			);
			sourceTree = "<group>";
		};
		9BBB729B2C62581800356FDA /* Products */ = {
			isa = PBXGroup;
			children = (
				9BBB729A2C62581800356FDA /* UniversityTask.app */,
				9BBB72B02C62581A00356FDA /* UniversityTaskTests.xctest */,
				9BBB72BA2C62581A00356FDA /* UniversityTaskUITests.xctest */,
			);
			name = Products;
			sourceTree = "<group>";
		};
		9BBB729C2C62581800356FDA /* UniversityTask */ = {
			isa = PBXGroup;
			children = (
				9BBB72AB2C62581A00356FDA /* Info.plist */,
				9BBB72CD2C62586600356FDA /* AppDelegate */,
				9BBB72CE2C62587D00356FDA /* Modules */,
				9BBB72E42C6272FE00356FDA /* Utility */,
				9BBB73112C63730900356FDA /* Resources */,
				9BBB73122C6373DE00356FDA /* Storyboard */,
			);
			path = UniversityTask;
			sourceTree = "<group>";
		};
		9BBB72B32C62581A00356FDA /* UniversityTaskTests */ = {
			isa = PBXGroup;
			children = (
				9BBB72B42C62581A00356FDA /* UniversityTaskTests.swift */,
			);
			path = UniversityTaskTests;
			sourceTree = "<group>";
		};
		9BBB72BD2C62581A00356FDA /* UniversityTaskUITests */ = {
			isa = PBXGroup;
			children = (
				9BBB72BE2C62581A00356FDA /* UniversityTaskUITests.swift */,
				9BBB72C02C62581A00356FDA /* UniversityTaskUITestsLaunchTests.swift */,
			);
			path = UniversityTaskUITests;
			sourceTree = "<group>";
		};
		9BBB72CD2C62586600356FDA /* AppDelegate */ = {
			isa = PBXGroup;
			children = (
				9BBB729D2C62581800356FDA /* AppDelegate.swift */,
				9BBB729F2C62581800356FDA /* SceneDelegate.swift */,
			);
			path = AppDelegate;
			sourceTree = "<group>";
		};
		9BBB72CE2C62587D00356FDA /* Modules */ = {
			isa = PBXGroup;
			children = (
				9BBB72CF2C62588900356FDA /* UniversityList */,
				9BBB72D02C6258A100356FDA /* UniversityDetail */,
			);
			path = Modules;
			sourceTree = "<group>";
		};
		9BBB72CF2C62588900356FDA /* UniversityList */ = {
			isa = PBXGroup;
			children = (
				9BBB72F72C63380100356FDA /* Repository */,
				9BBB72D82C6259F200356FDA /* Entity */,
				9BBB72D12C6258CB00356FDA /* Protocol */,
				9BBB72D22C6258D700356FDA /* Interactor */,
				9BBB72D32C6258ED00356FDA /* Presenter */,
				9BBB72D52C62590B00356FDA /* Router */,
				9BBB72D42C6258FE00356FDA /* View */,
			);
			path = UniversityList;
			sourceTree = "<group>";
		};
		9BBB72D02C6258A100356FDA /* UniversityDetail */ = {
			isa = PBXGroup;
			children = (
				9BBB72F92C6338D100356FDA /* Protocol */,
				9BBB72FA2C6338DB00356FDA /* Interactor */,
				9BBB72FB2C6338E500356FDA /* Presenter */,
				9BBB72FC2C6338F300356FDA /* Router */,
				9BBB72FD2C63390700356FDA /* View */,
			);
			path = UniversityDetail;
			sourceTree = "<group>";
		};
		9BBB72D12C6258CB00356FDA /* Protocol */ = {
			isa = PBXGroup;
			children = (
				9BBB72D62C6259B000356FDA /* UniversityListProtocol.swift */,
			);
			path = Protocol;
			sourceTree = "<group>";
		};
		9BBB72D22C6258D700356FDA /* Interactor */ = {
			isa = PBXGroup;
			children = (
				9BBB72E72C627AA700356FDA /* UniversityListInteractor.swift */,
			);
			path = Interactor;
			sourceTree = "<group>";
		};
		9BBB72D32C6258ED00356FDA /* Presenter */ = {
			isa = PBXGroup;
			children = (
				9BBB72E22C62724800356FDA /* UniversityListPresenter.swift */,
			);
			path = Presenter;
			sourceTree = "<group>";
		};
		9BBB72D42C6258FE00356FDA /* View */ = {
			isa = PBXGroup;
			children = (
				9BBB72DC2C6265B400356FDA /* UniversityListViewController.swift */,
				9BBB72DE2C62677600356FDA /* UniversityListCell.swift */,
				9BBB72DF2C62677600356FDA /* UniversityListCell.xib */,
			);
			path = View;
			sourceTree = "<group>";
		};
		9BBB72D52C62590B00356FDA /* Router */ = {
			isa = PBXGroup;
			children = (
				9BBB72EC2C627E1500356FDA /* UniversityListRouter.swift */,
			);
			path = Router;
			sourceTree = "<group>";
		};
		9BBB72D82C6259F200356FDA /* Entity */ = {
			isa = PBXGroup;
			children = (
				9BBB72D92C625AA200356FDA /* University.swift */,
			);
			path = Entity;
			sourceTree = "<group>";
		};
		9BBB72E42C6272FE00356FDA /* Utility */ = {
			isa = PBXGroup;
			children = (
				9BBB72EF2C62A89500356FDA /* Service */,
				9BBB72F32C63340500356FDA /* Helper */,
				9BBB72E52C62732700356FDA /* Constants.swift */,
			);
			path = Utility;
			sourceTree = "<group>";
		};
		9BBB72EF2C62A89500356FDA /* Service */ = {
			isa = PBXGroup;
			children = (
				9BBB73192C63826200356FDA /* Database */,
				9BBB730C2C636EED00356FDA /* APIClient */,
			);
			path = Service;
			sourceTree = "<group>";
		};
		9BBB72F32C63340500356FDA /* Helper */ = {
			isa = PBXGroup;
			children = (
				9BBB73142C63745600356FDA /* Repository.swift */,
				9BFBA4932C63D7880051FDFB /* Reachability.swift */,
				9BBB73132C63740B00356FDA /* UI */,
			);
			path = Helper;
			sourceTree = "<group>";
		};
		9BBB72F72C63380100356FDA /* Repository */ = {
			isa = PBXGroup;
			children = (
				9BBB72EA2C627D4900356FDA /* UniversityListRepository.swift */,
			);
			path = Repository;
			sourceTree = "<group>";
		};
		9BBB72F92C6338D100356FDA /* Protocol */ = {
			isa = PBXGroup;
			children = (
				9BBB73002C633A3400356FDA /* UniversityDetailProtocol.swift */,
			);
			path = Protocol;
			sourceTree = "<group>";
		};
		9BBB72FA2C6338DB00356FDA /* Interactor */ = {
			isa = PBXGroup;
			children = (
				9BBB73062C63475600356FDA /* UniversityDetailInteractor.swift */,
			);
			path = Interactor;
			sourceTree = "<group>";
		};
		9BBB72FB2C6338E500356FDA /* Presenter */ = {
			isa = PBXGroup;
			children = (
				9BBB73042C633E7300356FDA /* UniversityDetailPresenter.swift */,
			);
			path = Presenter;
			sourceTree = "<group>";
		};
		9BBB72FC2C6338F300356FDA /* Router */ = {
			isa = PBXGroup;
			children = (
				9BBB73022C633D3B00356FDA /* UniversityDetailRouter.swift */,
			);
			path = Router;
			sourceTree = "<group>";
		};
		9BBB72FD2C63390700356FDA /* View */ = {
			isa = PBXGroup;
			children = (
				9BBB72FE2C63395000356FDA /* UniversityDetailViewController.swift */,
			);
			path = View;
			sourceTree = "<group>";
		};
		9BBB730C2C636EED00356FDA /* APIClient */ = {
			isa = PBXGroup;
			children = (
				9BBB730A2C636EC400356FDA /* APIClient.swift */,
			);
			path = APIClient;
			sourceTree = "<group>";
		};
		9BBB73112C63730900356FDA /* Resources */ = {
			isa = PBXGroup;
			children = (
				9BBB72A62C62581A00356FDA /* Assets.xcassets */,
			);
			path = Resources;
			sourceTree = "<group>";
		};
		9BBB73122C6373DE00356FDA /* Storyboard */ = {
			isa = PBXGroup;
			children = (
				9BBB72A32C62581800356FDA /* Main.storyboard */,
				9BBB72A82C62581A00356FDA /* LaunchScreen.storyboard */,
			);
			path = Storyboard;
			sourceTree = "<group>";
		};
		9BBB73132C63740B00356FDA /* UI */ = {
			isa = PBXGroup;
			children = (
				9BBB72F42C63342700356FDA /* ActivityIndicatorPresenter.swift */,
				9BBB73082C635B7B00356FDA /* Alertable.swift */,
			);
			path = UI;
			sourceTree = "<group>";
		};
		9BBB73192C63826200356FDA /* Database */ = {
			isa = PBXGroup;
			children = (
				9BBB731C2C63829900356FDA /* RealmManager.swift */,
			);
			path = Database;
			sourceTree = "<group>";
		};
		9F344A78FB768E698FBE0396 /* Pods */ = {
			isa = PBXGroup;
			children = (
				BDADB6F49A0381D0CA385C8A /* Pods-UniversityTask.debug.xcconfig */,
				E59F9E9EF7C31BA3201ED022 /* Pods-UniversityTask.release.xcconfig */,
				6CBA2A5C859B3AB92CF3DC92 /* Pods-UniversityTask-UniversityTaskUITests.debug.xcconfig */,
				59ED6632032C3AE4A7D768EA /* Pods-UniversityTask-UniversityTaskUITests.release.xcconfig */,
				C52151A71CA12C35907017F0 /* Pods-UniversityTaskTests.debug.xcconfig */,
				99445DAE3942864787CBAC57 /* Pods-UniversityTaskTests.release.xcconfig */,
			);
			path = Pods;
			sourceTree = "<group>";
		};
/* End PBXGroup section */

/* Begin PBXNativeTarget section */
		9BBB72992C62581800356FDA /* UniversityTask */ = {
			isa = PBXNativeTarget;
			buildConfigurationList = 9BBB72C42C62581A00356FDA /* Build configuration list for PBXNativeTarget "UniversityTask" */;
			buildPhases = (
				298989F55CCA19E032EA9F8A /* [CP] Check Pods Manifest.lock */,
				9BBB72962C62581800356FDA /* Sources */,
				9BBB72972C62581800356FDA /* Frameworks */,
				9BBB72982C62581800356FDA /* Resources */,
				B93D967335E6E2B86F57B2DA /* [CP] Embed Pods Frameworks */,
			);
			buildRules = (
			);
			dependencies = (
			);
			name = UniversityTask;
			productName = UniversityTask;
			productReference = 9BBB729A2C62581800356FDA /* UniversityTask.app */;
			productType = "com.apple.product-type.application";
		};
		9BBB72AF2C62581A00356FDA /* UniversityTaskTests */ = {
			isa = PBXNativeTarget;
			buildConfigurationList = 9BBB72C72C62581A00356FDA /* Build configuration list for PBXNativeTarget "UniversityTaskTests" */;
			buildPhases = (
				F58F5CF29F910F82BE11EDD8 /* [CP] Check Pods Manifest.lock */,
				9BBB72AC2C62581A00356FDA /* Sources */,
				9BBB72AD2C62581A00356FDA /* Frameworks */,
				9BBB72AE2C62581A00356FDA /* Resources */,
			);
			buildRules = (
			);
			dependencies = (
				9BBB72B22C62581A00356FDA /* PBXTargetDependency */,
			);
			name = UniversityTaskTests;
			productName = UniversityTaskTests;
			productReference = 9BBB72B02C62581A00356FDA /* UniversityTaskTests.xctest */;
			productType = "com.apple.product-type.bundle.unit-test";
		};
		9BBB72B92C62581A00356FDA /* UniversityTaskUITests */ = {
			isa = PBXNativeTarget;
			buildConfigurationList = 9BBB72CA2C62581A00356FDA /* Build configuration list for PBXNativeTarget "UniversityTaskUITests" */;
			buildPhases = (
				DAB04369F168AEBBCE1CD889 /* [CP] Check Pods Manifest.lock */,
				9BBB72B62C62581A00356FDA /* Sources */,
				9BBB72B72C62581A00356FDA /* Frameworks */,
				9BBB72B82C62581A00356FDA /* Resources */,
				DB5D1895F8FE7C2B79538169 /* [CP] Embed Pods Frameworks */,
			);
			buildRules = (
			);
			dependencies = (
				9BBB72BC2C62581A00356FDA /* PBXTargetDependency */,
			);
			name = UniversityTaskUITests;
			productName = UniversityTaskUITests;
			productReference = 9BBB72BA2C62581A00356FDA /* UniversityTaskUITests.xctest */;
			productType = "com.apple.product-type.bundle.ui-testing";
		};
/* End PBXNativeTarget section */

/* Begin PBXProject section */
		9BBB72922C62581800356FDA /* Project object */ = {
			isa = PBXProject;
			attributes = {
				BuildIndependentTargetsInParallel = 1;
				LastSwiftUpdateCheck = 1430;
				LastUpgradeCheck = 1430;
				TargetAttributes = {
					9BBB72992C62581800356FDA = {
						CreatedOnToolsVersion = 14.3.1;
					};
					9BBB72AF2C62581A00356FDA = {
						CreatedOnToolsVersion = 14.3.1;
						TestTargetID = 9BBB72992C62581800356FDA;
					};
					9BBB72B92C62581A00356FDA = {
						CreatedOnToolsVersion = 14.3.1;
						TestTargetID = 9BBB72992C62581800356FDA;
					};
				};
			};
			buildConfigurationList = 9BBB72952C62581800356FDA /* Build configuration list for PBXProject "UniversityTask" */;
			compatibilityVersion = "Xcode 14.0";
			developmentRegion = en;
			hasScannedForEncodings = 0;
			knownRegions = (
				en,
				Base,
			);
			mainGroup = 9BBB72912C62581800356FDA;
			productRefGroup = 9BBB729B2C62581800356FDA /* Products */;
			projectDirPath = "";
			projectRoot = "";
			targets = (
				9BBB72992C62581800356FDA /* UniversityTask */,
				9BBB72AF2C62581A00356FDA /* UniversityTaskTests */,
				9BBB72B92C62581A00356FDA /* UniversityTaskUITests */,
			);
		};
/* End PBXProject section */

/* Begin PBXResourcesBuildPhase section */
		9BBB72982C62581800356FDA /* Resources */ = {
			isa = PBXResourcesBuildPhase;
			buildActionMask = 2147483647;
			files = (
				9BBB72AA2C62581A00356FDA /* LaunchScreen.storyboard in Resources */,
				9BBB72E12C62677600356FDA /* UniversityListCell.xib in Resources */,
				9BBB72A72C62581A00356FDA /* Assets.xcassets in Resources */,
				9BBB72A52C62581800356FDA /* Main.storyboard in Resources */,
			);
			runOnlyForDeploymentPostprocessing = 0;
		};
		9BBB72AE2C62581A00356FDA /* Resources */ = {
			isa = PBXResourcesBuildPhase;
			buildActionMask = 2147483647;
			files = (
			);
			runOnlyForDeploymentPostprocessing = 0;
		};
		9BBB72B82C62581A00356FDA /* Resources */ = {
			isa = PBXResourcesBuildPhase;
			buildActionMask = 2147483647;
			files = (
			);
			runOnlyForDeploymentPostprocessing = 0;
		};
/* End PBXResourcesBuildPhase section */

/* Begin PBXShellScriptBuildPhase section */
		298989F55CCA19E032EA9F8A /* [CP] Check Pods Manifest.lock */ = {
			isa = PBXShellScriptBuildPhase;
			buildActionMask = 2147483647;
			files = (
			);
			inputFileListPaths = (
			);
			inputPaths = (
				"${PODS_PODFILE_DIR_PATH}/Podfile.lock",
				"${PODS_ROOT}/Manifest.lock",
			);
			name = "[CP] Check Pods Manifest.lock";
			outputFileListPaths = (
			);
			outputPaths = (
				"$(DERIVED_FILE_DIR)/Pods-UniversityTask-checkManifestLockResult.txt",
			);
			runOnlyForDeploymentPostprocessing = 0;
			shellPath = /bin/sh;
			shellScript = "diff \"${PODS_PODFILE_DIR_PATH}/Podfile.lock\" \"${PODS_ROOT}/Manifest.lock\" > /dev/null\nif [ $? != 0 ] ; then\n    # print error to STDERR\n    echo \"error: The sandbox is not in sync with the Podfile.lock. Run 'pod install' or update your CocoaPods installation.\" >&2\n    exit 1\nfi\n# This output is used by Xcode 'outputs' to avoid re-running this script phase.\necho \"SUCCESS\" > \"${SCRIPT_OUTPUT_FILE_0}\"\n";
			showEnvVarsInLog = 0;
		};
		B93D967335E6E2B86F57B2DA /* [CP] Embed Pods Frameworks */ = {
			isa = PBXShellScriptBuildPhase;
			buildActionMask = 2147483647;
			files = (
			);
			inputFileListPaths = (
				"${PODS_ROOT}/Target Support Files/Pods-UniversityTask/Pods-UniversityTask-frameworks-${CONFIGURATION}-input-files.xcfilelist",
			);
			name = "[CP] Embed Pods Frameworks";
			outputFileListPaths = (
				"${PODS_ROOT}/Target Support Files/Pods-UniversityTask/Pods-UniversityTask-frameworks-${CONFIGURATION}-output-files.xcfilelist",
			);
			runOnlyForDeploymentPostprocessing = 0;
			shellPath = /bin/sh;
			shellScript = "\"${PODS_ROOT}/Target Support Files/Pods-UniversityTask/Pods-UniversityTask-frameworks.sh\"\n";
			showEnvVarsInLog = 0;
		};
		DAB04369F168AEBBCE1CD889 /* [CP] Check Pods Manifest.lock */ = {
			isa = PBXShellScriptBuildPhase;
			buildActionMask = 2147483647;
			files = (
			);
			inputFileListPaths = (
			);
			inputPaths = (
				"${PODS_PODFILE_DIR_PATH}/Podfile.lock",
				"${PODS_ROOT}/Manifest.lock",
			);
			name = "[CP] Check Pods Manifest.lock";
			outputFileListPaths = (
			);
			outputPaths = (
				"$(DERIVED_FILE_DIR)/Pods-UniversityTask-UniversityTaskUITests-checkManifestLockResult.txt",
			);
			runOnlyForDeploymentPostprocessing = 0;
			shellPath = /bin/sh;
			shellScript = "diff \"${PODS_PODFILE_DIR_PATH}/Podfile.lock\" \"${PODS_ROOT}/Manifest.lock\" > /dev/null\nif [ $? != 0 ] ; then\n    # print error to STDERR\n    echo \"error: The sandbox is not in sync with the Podfile.lock. Run 'pod install' or update your CocoaPods installation.\" >&2\n    exit 1\nfi\n# This output is used by Xcode 'outputs' to avoid re-running this script phase.\necho \"SUCCESS\" > \"${SCRIPT_OUTPUT_FILE_0}\"\n";
			showEnvVarsInLog = 0;
		};
		DB5D1895F8FE7C2B79538169 /* [CP] Embed Pods Frameworks */ = {
			isa = PBXShellScriptBuildPhase;
			buildActionMask = 2147483647;
			files = (
			);
			inputFileListPaths = (
				"${PODS_ROOT}/Target Support Files/Pods-UniversityTask-UniversityTaskUITests/Pods-UniversityTask-UniversityTaskUITests-frameworks-${CONFIGURATION}-input-files.xcfilelist",
			);
			name = "[CP] Embed Pods Frameworks";
			outputFileListPaths = (
				"${PODS_ROOT}/Target Support Files/Pods-UniversityTask-UniversityTaskUITests/Pods-UniversityTask-UniversityTaskUITests-frameworks-${CONFIGURATION}-output-files.xcfilelist",
			);
			runOnlyForDeploymentPostprocessing = 0;
			shellPath = /bin/sh;
			shellScript = "\"${PODS_ROOT}/Target Support Files/Pods-UniversityTask-UniversityTaskUITests/Pods-UniversityTask-UniversityTaskUITests-frameworks.sh\"\n";
			showEnvVarsInLog = 0;
		};
		F58F5CF29F910F82BE11EDD8 /* [CP] Check Pods Manifest.lock */ = {
			isa = PBXShellScriptBuildPhase;
			buildActionMask = 2147483647;
			files = (
			);
			inputFileListPaths = (
			);
			inputPaths = (
				"${PODS_PODFILE_DIR_PATH}/Podfile.lock",
				"${PODS_ROOT}/Manifest.lock",
			);
			name = "[CP] Check Pods Manifest.lock";
			outputFileListPaths = (
			);
			outputPaths = (
				"$(DERIVED_FILE_DIR)/Pods-UniversityTaskTests-checkManifestLockResult.txt",
			);
			runOnlyForDeploymentPostprocessing = 0;
			shellPath = /bin/sh;
			shellScript = "diff \"${PODS_PODFILE_DIR_PATH}/Podfile.lock\" \"${PODS_ROOT}/Manifest.lock\" > /dev/null\nif [ $? != 0 ] ; then\n    # print error to STDERR\n    echo \"error: The sandbox is not in sync with the Podfile.lock. Run 'pod install' or update your CocoaPods installation.\" >&2\n    exit 1\nfi\n# This output is used by Xcode 'outputs' to avoid re-running this script phase.\necho \"SUCCESS\" > \"${SCRIPT_OUTPUT_FILE_0}\"\n";
			showEnvVarsInLog = 0;
		};
/* End PBXShellScriptBuildPhase section */

/* Begin PBXSourcesBuildPhase section */
		9BBB72962C62581800356FDA /* Sources */ = {
			isa = PBXSourcesBuildPhase;
			buildActionMask = 2147483647;
			files = (
				9BBB729E2C62581800356FDA /* AppDelegate.swift in Sources */,
				9BBB72E02C62677600356FDA /* UniversityListCell.swift in Sources */,
				9BBB730B2C636EC400356FDA /* APIClient.swift in Sources */,
				9BBB72E32C62724800356FDA /* UniversityListPresenter.swift in Sources */,
				9BBB72DA2C625AA200356FDA /* University.swift in Sources */,
				9BBB731D2C63829900356FDA /* RealmManager.swift in Sources */,
				9BBB72DD2C6265B400356FDA /* UniversityListViewController.swift in Sources */,
				9BBB72ED2C627E1500356FDA /* UniversityListRouter.swift in Sources */,
				9BBB73152C63745600356FDA /* Repository.swift in Sources */,
				9BBB72FF2C63395000356FDA /* UniversityDetailViewController.swift in Sources */,
				9BBB72F52C63342700356FDA /* ActivityIndicatorPresenter.swift in Sources */,
				9BFBA4942C63D7880051FDFB /* Reachability.swift in Sources */,
				9BBB73052C633E7300356FDA /* UniversityDetailPresenter.swift in Sources */,
				9BBB73072C63475600356FDA /* UniversityDetailInteractor.swift in Sources */,
				9BBB73092C635B7B00356FDA /* Alertable.swift in Sources */,
				9BBB72EB2C627D4900356FDA /* UniversityListRepository.swift in Sources */,
				9BBB72A02C62581800356FDA /* SceneDelegate.swift in Sources */,
				9BBB73012C633A3400356FDA /* UniversityDetailProtocol.swift in Sources */,
				9BBB72D72C6259B000356FDA /* UniversityListProtocol.swift in Sources */,
				9BBB73032C633D3B00356FDA /* UniversityDetailRouter.swift in Sources */,
				9BBB72E82C627AA700356FDA /* UniversityListInteractor.swift in Sources */,
				9BBB72E62C62732700356FDA /* Constants.swift in Sources */,
			);
			runOnlyForDeploymentPostprocessing = 0;
		};
		9BBB72AC2C62581A00356FDA /* Sources */ = {
			isa = PBXSourcesBuildPhase;
			buildActionMask = 2147483647;
			files = (
				9BBB72B52C62581A00356FDA /* UniversityTaskTests.swift in Sources */,
			);
			runOnlyForDeploymentPostprocessing = 0;
		};
		9BBB72B62C62581A00356FDA /* Sources */ = {
			isa = PBXSourcesBuildPhase;
			buildActionMask = 2147483647;
			files = (
				9BBB72BF2C62581A00356FDA /* UniversityTaskUITests.swift in Sources */,
				9BBB72C12C62581A00356FDA /* UniversityTaskUITestsLaunchTests.swift in Sources */,
			);
			runOnlyForDeploymentPostprocessing = 0;
		};
/* End PBXSourcesBuildPhase section */

/* Begin PBXTargetDependency section */
		9BBB72B22C62581A00356FDA /* PBXTargetDependency */ = {
			isa = PBXTargetDependency;
			target = 9BBB72992C62581800356FDA /* UniversityTask */;
			targetProxy = 9BBB72B12C62581A00356FDA /* PBXContainerItemProxy */;
		};
		9BBB72BC2C62581A00356FDA /* PBXTargetDependency */ = {
			isa = PBXTargetDependency;
			target = 9BBB72992C62581800356FDA /* UniversityTask */;
			targetProxy = 9BBB72BB2C62581A00356FDA /* PBXContainerItemProxy */;
		};
/* End PBXTargetDependency section */

/* Begin PBXVariantGroup section */
		9BBB72A32C62581800356FDA /* Main.storyboard */ = {
			isa = PBXVariantGroup;
			children = (
				9BBB72A42C62581800356FDA /* Base */,
			);
			name = Main.storyboard;
			sourceTree = "<group>";
		};
		9BBB72A82C62581A00356FDA /* LaunchScreen.storyboard */ = {
			isa = PBXVariantGroup;
			children = (
				9BBB72A92C62581A00356FDA /* Base */,
			);
			name = LaunchScreen.storyboard;
			sourceTree = "<group>";
		};
/* End PBXVariantGroup section */

/* Begin XCBuildConfiguration section */
		9BBB72C22C62581A00356FDA /* Debug */ = {
			isa = XCBuildConfiguration;
			buildSettings = {
				ALWAYS_SEARCH_USER_PATHS = NO;
				CLANG_ANALYZER_NONNULL = YES;
				CLANG_ANALYZER_NUMBER_OBJECT_CONVERSION = YES_AGGRESSIVE;
				CLANG_CXX_LANGUAGE_STANDARD = "gnu++20";
				CLANG_ENABLE_MODULES = YES;
				CLANG_ENABLE_OBJC_ARC = YES;
				CLANG_ENABLE_OBJC_WEAK = YES;
				CLANG_WARN_BLOCK_CAPTURE_AUTORELEASING = YES;
				CLANG_WARN_BOOL_CONVERSION = YES;
				CLANG_WARN_COMMA = YES;
				CLANG_WARN_CONSTANT_CONVERSION = YES;
				CLANG_WARN_DEPRECATED_OBJC_IMPLEMENTATIONS = YES;
				CLANG_WARN_DIRECT_OBJC_ISA_USAGE = YES_ERROR;
				CLANG_WARN_DOCUMENTATION_COMMENTS = YES;
				CLANG_WARN_EMPTY_BODY = YES;
				CLANG_WARN_ENUM_CONVERSION = YES;
				CLANG_WARN_INFINITE_RECURSION = YES;
				CLANG_WARN_INT_CONVERSION = YES;
				CLANG_WARN_NON_LITERAL_NULL_CONVERSION = YES;
				CLANG_WARN_OBJC_IMPLICIT_RETAIN_SELF = YES;
				CLANG_WARN_OBJC_LITERAL_CONVERSION = YES;
				CLANG_WARN_OBJC_ROOT_CLASS = YES_ERROR;
				CLANG_WARN_QUOTED_INCLUDE_IN_FRAMEWORK_HEADER = YES;
				CLANG_WARN_RANGE_LOOP_ANALYSIS = YES;
				CLANG_WARN_STRICT_PROTOTYPES = YES;
				CLANG_WARN_SUSPICIOUS_MOVE = YES;
				CLANG_WARN_UNGUARDED_AVAILABILITY = YES_AGGRESSIVE;
				CLANG_WARN_UNREACHABLE_CODE = YES;
				CLANG_WARN__DUPLICATE_METHOD_MATCH = YES;
				COPY_PHASE_STRIP = NO;
				DEBUG_INFORMATION_FORMAT = dwarf;
				ENABLE_STRICT_OBJC_MSGSEND = YES;
				ENABLE_TESTABILITY = YES;
				GCC_C_LANGUAGE_STANDARD = gnu11;
				GCC_DYNAMIC_NO_PIC = NO;
				GCC_NO_COMMON_BLOCKS = YES;
				GCC_OPTIMIZATION_LEVEL = 0;
				GCC_PREPROCESSOR_DEFINITIONS = (
					"DEBUG=1",
					"$(inherited)",
				);
				GCC_WARN_64_TO_32_BIT_CONVERSION = YES;
				GCC_WARN_ABOUT_RETURN_TYPE = YES_ERROR;
				GCC_WARN_UNDECLARED_SELECTOR = YES;
				GCC_WARN_UNINITIALIZED_AUTOS = YES_AGGRESSIVE;
				GCC_WARN_UNUSED_FUNCTION = YES;
				GCC_WARN_UNUSED_VARIABLE = YES;
				IPHONEOS_DEPLOYMENT_TARGET = 14.0;
				MTL_ENABLE_DEBUG_INFO = INCLUDE_SOURCE;
				MTL_FAST_MATH = YES;
				ONLY_ACTIVE_ARCH = YES;
				SDKROOT = iphoneos;
				SWIFT_ACTIVE_COMPILATION_CONDITIONS = DEBUG;
				SWIFT_OPTIMIZATION_LEVEL = "-Onone";
			};
			name = Debug;
		};
		9BBB72C32C62581A00356FDA /* Release */ = {
			isa = XCBuildConfiguration;
			buildSettings = {
				ALWAYS_SEARCH_USER_PATHS = NO;
				CLANG_ANALYZER_NONNULL = YES;
				CLANG_ANALYZER_NUMBER_OBJECT_CONVERSION = YES_AGGRESSIVE;
				CLANG_CXX_LANGUAGE_STANDARD = "gnu++20";
				CLANG_ENABLE_MODULES = YES;
				CLANG_ENABLE_OBJC_ARC = YES;
				CLANG_ENABLE_OBJC_WEAK = YES;
				CLANG_WARN_BLOCK_CAPTURE_AUTORELEASING = YES;
				CLANG_WARN_BOOL_CONVERSION = YES;
				CLANG_WARN_COMMA = YES;
				CLANG_WARN_CONSTANT_CONVERSION = YES;
				CLANG_WARN_DEPRECATED_OBJC_IMPLEMENTATIONS = YES;
				CLANG_WARN_DIRECT_OBJC_ISA_USAGE = YES_ERROR;
				CLANG_WARN_DOCUMENTATION_COMMENTS = YES;
				CLANG_WARN_EMPTY_BODY = YES;
				CLANG_WARN_ENUM_CONVERSION = YES;
				CLANG_WARN_INFINITE_RECURSION = YES;
				CLANG_WARN_INT_CONVERSION = YES;
				CLANG_WARN_NON_LITERAL_NULL_CONVERSION = YES;
				CLANG_WARN_OBJC_IMPLICIT_RETAIN_SELF = YES;
				CLANG_WARN_OBJC_LITERAL_CONVERSION = YES;
				CLANG_WARN_OBJC_ROOT_CLASS = YES_ERROR;
				CLANG_WARN_QUOTED_INCLUDE_IN_FRAMEWORK_HEADER = YES;
				CLANG_WARN_RANGE_LOOP_ANALYSIS = YES;
				CLANG_WARN_STRICT_PROTOTYPES = YES;
				CLANG_WARN_SUSPICIOUS_MOVE = YES;
				CLANG_WARN_UNGUARDED_AVAILABILITY = YES_AGGRESSIVE;
				CLANG_WARN_UNREACHABLE_CODE = YES;
				CLANG_WARN__DUPLICATE_METHOD_MATCH = YES;
				COPY_PHASE_STRIP = NO;
				DEBUG_INFORMATION_FORMAT = "dwarf-with-dsym";
				ENABLE_NS_ASSERTIONS = NO;
				ENABLE_STRICT_OBJC_MSGSEND = YES;
				GCC_C_LANGUAGE_STANDARD = gnu11;
				GCC_NO_COMMON_BLOCKS = YES;
				GCC_WARN_64_TO_32_BIT_CONVERSION = YES;
				GCC_WARN_ABOUT_RETURN_TYPE = YES_ERROR;
				GCC_WARN_UNDECLARED_SELECTOR = YES;
				GCC_WARN_UNINITIALIZED_AUTOS = YES_AGGRESSIVE;
				GCC_WARN_UNUSED_FUNCTION = YES;
				GCC_WARN_UNUSED_VARIABLE = YES;
				IPHONEOS_DEPLOYMENT_TARGET = 14.0;
				MTL_ENABLE_DEBUG_INFO = NO;
				MTL_FAST_MATH = YES;
				SDKROOT = iphoneos;
				SWIFT_COMPILATION_MODE = wholemodule;
				SWIFT_OPTIMIZATION_LEVEL = "-O";
				VALIDATE_PRODUCT = YES;
			};
			name = Release;
		};
		9BBB72C52C62581A00356FDA /* Debug */ = {
			isa = XCBuildConfiguration;
			baseConfigurationReference = BDADB6F49A0381D0CA385C8A /* Pods-UniversityTask.debug.xcconfig */;
			buildSettings = {
				ASSETCATALOG_COMPILER_APPICON_NAME = AppIcon;
				ASSETCATALOG_COMPILER_GLOBAL_ACCENT_COLOR_NAME = AccentColor;
				CODE_SIGN_STYLE = Automatic;
				CURRENT_PROJECT_VERSION = 1;
				GENERATE_INFOPLIST_FILE = YES;
				INFOPLIST_FILE = UniversityTask/Info.plist;
				INFOPLIST_KEY_UIApplicationSupportsIndirectInputEvents = YES;
				INFOPLIST_KEY_UILaunchStoryboardName = LaunchScreen;
				INFOPLIST_KEY_UIMainStoryboardFile = Main;
				INFOPLIST_KEY_UISupportedInterfaceOrientations_iPad = "UIInterfaceOrientationPortrait UIInterfaceOrientationPortraitUpsideDown UIInterfaceOrientationLandscapeLeft UIInterfaceOrientationLandscapeRight";
				INFOPLIST_KEY_UISupportedInterfaceOrientations_iPhone = "UIInterfaceOrientationPortrait UIInterfaceOrientationLandscapeLeft UIInterfaceOrientationLandscapeRight";
				IPHONEOS_DEPLOYMENT_TARGET = 14.0;
				LD_RUNPATH_SEARCH_PATHS = (
					"$(inherited)",
					"@executable_path/Frameworks",
				);
				MARKETING_VERSION = 1.0;
				PRODUCT_BUNDLE_IDENTIFIER = "Bheem-Singh.UniversityTask";
				PRODUCT_NAME = "$(TARGET_NAME)";
				SWIFT_EMIT_LOC_STRINGS = YES;
				SWIFT_VERSION = 5.0;
				TARGETED_DEVICE_FAMILY = "1,2";
			};
			name = Debug;
		};
		9BBB72C62C62581A00356FDA /* Release */ = {
			isa = XCBuildConfiguration;
			baseConfigurationReference = E59F9E9EF7C31BA3201ED022 /* Pods-UniversityTask.release.xcconfig */;
			buildSettings = {
				ASSETCATALOG_COMPILER_APPICON_NAME = AppIcon;
				ASSETCATALOG_COMPILER_GLOBAL_ACCENT_COLOR_NAME = AccentColor;
				CODE_SIGN_STYLE = Automatic;
				CURRENT_PROJECT_VERSION = 1;
				GENERATE_INFOPLIST_FILE = YES;
				INFOPLIST_FILE = UniversityTask/Info.plist;
				INFOPLIST_KEY_UIApplicationSupportsIndirectInputEvents = YES;
				INFOPLIST_KEY_UILaunchStoryboardName = LaunchScreen;
				INFOPLIST_KEY_UIMainStoryboardFile = Main;
				INFOPLIST_KEY_UISupportedInterfaceOrientations_iPad = "UIInterfaceOrientationPortrait UIInterfaceOrientationPortraitUpsideDown UIInterfaceOrientationLandscapeLeft UIInterfaceOrientationLandscapeRight";
				INFOPLIST_KEY_UISupportedInterfaceOrientations_iPhone = "UIInterfaceOrientationPortrait UIInterfaceOrientationLandscapeLeft UIInterfaceOrientationLandscapeRight";
				IPHONEOS_DEPLOYMENT_TARGET = 14.0;
				LD_RUNPATH_SEARCH_PATHS = (
					"$(inherited)",
					"@executable_path/Frameworks",
				);
				MARKETING_VERSION = 1.0;
				PRODUCT_BUNDLE_IDENTIFIER = "Bheem-Singh.UniversityTask";
				PRODUCT_NAME = "$(TARGET_NAME)";
				SWIFT_EMIT_LOC_STRINGS = YES;
				SWIFT_VERSION = 5.0;
				TARGETED_DEVICE_FAMILY = "1,2";
			};
			name = Release;
		};
		9BBB72C82C62581A00356FDA /* Debug */ = {
			isa = XCBuildConfiguration;
			baseConfigurationReference = C52151A71CA12C35907017F0 /* Pods-UniversityTaskTests.debug.xcconfig */;
			buildSettings = {
				ALWAYS_EMBED_SWIFT_STANDARD_LIBRARIES = YES;
				BUNDLE_LOADER = "$(TEST_HOST)";
				CODE_SIGN_STYLE = Automatic;
				CURRENT_PROJECT_VERSION = 1;
				GENERATE_INFOPLIST_FILE = YES;
				IPHONEOS_DEPLOYMENT_TARGET = 16.4;
				MARKETING_VERSION = 1.0;
				PRODUCT_BUNDLE_IDENTIFIER = "Bheem-Singh.UniversityTaskTests";
				PRODUCT_NAME = "$(TARGET_NAME)";
				SWIFT_EMIT_LOC_STRINGS = NO;
				SWIFT_VERSION = 5.0;
				TARGETED_DEVICE_FAMILY = "1,2";
				TEST_HOST = "$(BUILT_PRODUCTS_DIR)/UniversityTask.app/$(BUNDLE_EXECUTABLE_FOLDER_PATH)/UniversityTask";
			};
			name = Debug;
		};
		9BBB72C92C62581A00356FDA /* Release */ = {
			isa = XCBuildConfiguration;
			baseConfigurationReference = 99445DAE3942864787CBAC57 /* Pods-UniversityTaskTests.release.xcconfig */;
			buildSettings = {
				ALWAYS_EMBED_SWIFT_STANDARD_LIBRARIES = YES;
				BUNDLE_LOADER = "$(TEST_HOST)";
				CODE_SIGN_STYLE = Automatic;
				CURRENT_PROJECT_VERSION = 1;
				GENERATE_INFOPLIST_FILE = YES;
				IPHONEOS_DEPLOYMENT_TARGET = 16.4;
				MARKETING_VERSION = 1.0;
				PRODUCT_BUNDLE_IDENTIFIER = "Bheem-Singh.UniversityTaskTests";
				PRODUCT_NAME = "$(TARGET_NAME)";
				SWIFT_EMIT_LOC_STRINGS = NO;
				SWIFT_VERSION = 5.0;
				TARGETED_DEVICE_FAMILY = "1,2";
				TEST_HOST = "$(BUILT_PRODUCTS_DIR)/UniversityTask.app/$(BUNDLE_EXECUTABLE_FOLDER_PATH)/UniversityTask";
			};
			name = Release;
		};
		9BBB72CB2C62581A00356FDA /* Debug */ = {
			isa = XCBuildConfiguration;
			baseConfigurationReference = 6CBA2A5C859B3AB92CF3DC92 /* Pods-UniversityTask-UniversityTaskUITests.debug.xcconfig */;
			buildSettings = {
				ALWAYS_EMBED_SWIFT_STANDARD_LIBRARIES = YES;
				CODE_SIGN_STYLE = Automatic;
				CURRENT_PROJECT_VERSION = 1;
				GENERATE_INFOPLIST_FILE = YES;
				MARKETING_VERSION = 1.0;
				PRODUCT_BUNDLE_IDENTIFIER = "Bheem-Singh.UniversityTaskUITests";
				PRODUCT_NAME = "$(TARGET_NAME)";
				SWIFT_EMIT_LOC_STRINGS = NO;
				SWIFT_VERSION = 5.0;
				TARGETED_DEVICE_FAMILY = "1,2";
				TEST_TARGET_NAME = UniversityTask;
			};
			name = Debug;
		};
		9BBB72CC2C62581A00356FDA /* Release */ = {
			isa = XCBuildConfiguration;
			baseConfigurationReference = 59ED6632032C3AE4A7D768EA /* Pods-UniversityTask-UniversityTaskUITests.release.xcconfig */;
			buildSettings = {
				ALWAYS_EMBED_SWIFT_STANDARD_LIBRARIES = YES;
				CODE_SIGN_STYLE = Automatic;
				CURRENT_PROJECT_VERSION = 1;
				GENERATE_INFOPLIST_FILE = YES;
				MARKETING_VERSION = 1.0;
				PRODUCT_BUNDLE_IDENTIFIER = "Bheem-Singh.UniversityTaskUITests";
				PRODUCT_NAME = "$(TARGET_NAME)";
				SWIFT_EMIT_LOC_STRINGS = NO;
				SWIFT_VERSION = 5.0;
				TARGETED_DEVICE_FAMILY = "1,2";
				TEST_TARGET_NAME = UniversityTask;
			};
			name = Release;
		};
/* End XCBuildConfiguration section */

/* Begin XCConfigurationList section */
		9BBB72952C62581800356FDA /* Build configuration list for PBXProject "UniversityTask" */ = {
			isa = XCConfigurationList;
			buildConfigurations = (
				9BBB72C22C62581A00356FDA /* Debug */,
				9BBB72C32C62581A00356FDA /* Release */,
			);
			defaultConfigurationIsVisible = 0;
			defaultConfigurationName = Release;
		};
		9BBB72C42C62581A00356FDA /* Build configuration list for PBXNativeTarget "UniversityTask" */ = {
			isa = XCConfigurationList;
			buildConfigurations = (
				9BBB72C52C62581A00356FDA /* Debug */,
				9BBB72C62C62581A00356FDA /* Release */,
			);
			defaultConfigurationIsVisible = 0;
			defaultConfigurationName = Release;
		};
		9BBB72C72C62581A00356FDA /* Build configuration list for PBXNativeTarget "UniversityTaskTests" */ = {
			isa = XCConfigurationList;
			buildConfigurations = (
				9BBB72C82C62581A00356FDA /* Debug */,
				9BBB72C92C62581A00356FDA /* Release */,
			);
			defaultConfigurationIsVisible = 0;
			defaultConfigurationName = Release;
		};
		9BBB72CA2C62581A00356FDA /* Build configuration list for PBXNativeTarget "UniversityTaskUITests" */ = {
			isa = XCConfigurationList;
			buildConfigurations = (
				9BBB72CB2C62581A00356FDA /* Debug */,
				9BBB72CC2C62581A00356FDA /* Release */,
			);
			defaultConfigurationIsVisible = 0;
			defaultConfigurationName = Release;
		};
/* End XCConfigurationList section */
	};
	rootObject = 9BBB72922C62581800356FDA /* Project object */;
}
